
Microsoft Visual Studio Solution File, Format Version 12.00
# Visual Studio Version 17
VisualStudioVersion = 17.14.36301.6 d17.14
MinimumVisualStudioVersion = 10.0.40219.1
Project("{FAE04EC0-301F-11D3-BF4B-00C04F79EFBC}") = "SysProj1", "SysProj1.csproj", "{173D880C-DA0F-4725-9EEE-08DDC93164D8}"
EndProject
Global
	GlobalSection(SolutionConfigurationPlatforms) = preSolution
		Debug|Any CPU = Debug|Any CPU
		Release|Any CPU = Release|Any CPU
	EndGlobalSection
	GlobalSection(ProjectConfigurationPlatforms) = postSolution
		{173D880C-DA0F-4725-9EEE-08DDC93164D8}.Debug|Any CPU.ActiveCfg = Debug|Any CPU
		{173D880C-DA0F-4725-9EEE-08DDC93164D8}.Debug|Any CPU.Build.0 = Debug|Any CPU
		{173D880C-DA0F-4725-9EEE-08DDC93164D8}.Release|Any CPU.ActiveCfg = Release|Any CPU
		{173D880C-DA0F-4725-9EEE-08DDC93164D8}.Release|Any CPU.Build.0 = Release|Any CPU
	EndGlobalSection
	GlobalSection(SolutionProperties) = preSolution
		HideSolutionNode = FALSE
	EndGlobalSection
	GlobalSection(ExtensibilityGlobals) = postSolution
		SolutionGuid = {E8F21991-CF0A-4CD1-B532-7FF16F5B9606}
	EndGlobalSection
EndGlobal
