
Microsoft Visual Studio Solution File, Format Version 12.00
# Visual Studio Version 17
VisualStudioVersion = 17.14.36518.9 d17.14
MinimumVisualStudioVersion = 10.0.40219.1
Project("{FAE04EC0-301F-11D3-BF4B-00C04F79EFBC}") = "SysProj3", "SysProj3.csproj", "{FBCCEEF0-3161-84F8-3454-DEDD5F2A264A}"
EndProject
Global
	GlobalSection(SolutionConfigurationPlatforms) = preSolution
		Debug|Any CPU = Debug|Any CPU
		Release|Any CPU = Release|Any CPU
	EndGlobalSection
	GlobalSection(ProjectConfigurationPlatforms) = postSolution
		{FBCCEEF0-3161-84F8-3454-DEDD5F2A264A}.Debug|Any CPU.ActiveCfg = Debug|Any CPU
		{FBCCEEF0-3161-84F8-3454-DEDD5F2A264A}.Debug|Any CPU.Build.0 = Debug|Any CPU
		{FBCCEEF0-3161-84F8-3454-DEDD5F2A264A}.Release|Any CPU.ActiveCfg = Release|Any CPU
		{FBCCEEF0-3161-84F8-3454-DEDD5F2A264A}.Release|Any CPU.Build.0 = Release|Any CPU
	EndGlobalSection
	GlobalSection(SolutionProperties) = preSolution
		HideSolutionNode = FALSE
	EndGlobalSection
	GlobalSection(ExtensibilityGlobals) = postSolution
		SolutionGuid = {6E6888CB-A77D-4019-BC24-52EA74BB0FDF}
	EndGlobalSection
EndGlobal
